// !$*UTF8*$!
{
	archiveVersion = 1;
	classes = {
	};
	objectVersion = 56;
	objects = {

/* Begin PBXBuildFile section */
		B5D223622EF05FCE00C4880D /* AppDelegate.swift in Sources */ = {isa = PBXBuildFile; fileRef = B5D223612EF05FCE00C4880D /* AppDelegate.swift */; };
		B5D223642EF05FCE00C4880D /* SceneDelegate.swift in Sources */ = {isa = PBXBuildFile; fileRef = B5D223632EF05FCE00C4880D /* SceneDelegate.swift */; };
		B5D223662EF05FCE00C4880D /* ViewController.swift in Sources */ = {isa = PBXBuildFile; fileRef = B5D223652EF05FCE00C4880D /* ViewController.swift */; };
		B5D223692EF05FCE00C4880D /* Main.storyboard in Resources */ = {isa = PBXBuildFile; fileRef = B5D223672EF05FCE00C4880D /* Main.storyboard */; };
		B5D2236B2EF05FD100C4880D /* Assets.xcassets in Resources */ = {isa = PBXBuildFile; fileRef = B5D2236A2EF05FD100C4880D /* Assets.xcassets */; };
		B5D2236E2EF05FD100C4880D /* LaunchScreen.storyboard in Resources */ = {isa = PBXBuildFile; fileRef = B5D2236C2EF05FD100C4880D /* LaunchScreen.storyboard */; };
		B5D2237F2EF0606D00C4880D /* Constants.swift in Sources */ = {isa = PBXBuildFile; fileRef = B5D2237C2EF0606D00C4880D /* Constants.swift */; };
		B5D223802EF0606D00C4880D /* DataManager.swift in Sources */ = {isa = PBXBuildFile; fileRef = B5D2237D2EF0606D00C4880D /* DataManager.swift */; };
		B5D223812EF0606D00C4880D /* Extensions.swift in Sources */ = {isa = PBXBuildFile; fileRef = B5D2237E2EF0606D00C4880D /* Extensions.swift */; };
		B5D223852EF0608000C4880D /* HomeViewController.swift in Sources */ = {isa = PBXBuildFile; fileRef = B5D223842EF0608000C4880D /* HomeViewController.swift */; };
		B5D223882EF0608C00C4880D /* LoginViewController.swift in Sources */ = {isa = PBXBuildFile; fileRef = B5D223862EF0608C00C4880D /* LoginViewController.swift */; };
		B5D223892EF0608C00C4880D /* LoginViewModel.swift in Sources */ = {isa = PBXBuildFile; fileRef = B5D223872EF0608C00C4880D /* LoginViewModel.swift */; };
		B5D2238D2EF0609B00C4880D /* Product.swift in Sources */ = {isa = PBXBuildFile; fileRef = B5D2238A2EF0609B00C4880D /* Product.swift */; };
		B5D2238E2EF0609B00C4880D /* User.swift in Sources */ = {isa = PBXBuildFile; fileRef = B5D2238B2EF0609B00C4880D /* User.swift */; };
		B5D2238F2EF0609B00C4880D /* Transaction.swift in Sources */ = {isa = PBXBuildFile; fileRef = B5D2238C2EF0609B00C4880D /* Transaction.swift */; };
		B5D223932EF060A600C4880D /* ProductFormViewController.swift in Sources */ = {isa = PBXBuildFile; fileRef = B5D223902EF060A600C4880D /* ProductFormViewController.swift */; };
		B5D223942EF060A600C4880D /* ProductListViewController.swift in Sources */ = {isa = PBXBuildFile; fileRef = B5D223912EF060A600C4880D /* ProductListViewController.swift */; };
		B5D223952EF060A600C4880D /* ProductViewModel.swift in Sources */ = {isa = PBXBuildFile; fileRef = B5D223922EF060A600C4880D /* ProductViewModel.swift */; };
		B5D223992EF060AF00C4880D /* TransactionViewModel.swift in Sources */ = {isa = PBXBuildFile; fileRef = B5D223962EF060AF00C4880D /* TransactionViewModel.swift */; };
		B5D2239A2EF060AF00C4880D /* TransactionFormViewController.swift in Sources */ = {isa = PBXBuildFile; fileRef = B5D223972EF060AF00C4880D /* TransactionFormViewController.swift */; };
		B5D2239B2EF060AF00C4880D /* TransactionListViewController.swift in Sources */ = {isa = PBXBuildFile; fileRef = B5D223982EF060AF00C4880D /* TransactionListViewController.swift */; };
		B5D2239E2EF062DE00C4880D /* UIButton.swift in Sources */ = {isa = PBXBuildFile; fileRef = B5D2239D2EF062DE00C4880D /* UIButton.swift */; };
		B5D223A02EF062F400C4880D /* UITextField.swift in Sources */ = {isa = PBXBuildFile; fileRef = B5D2239F2EF062F400C4880D /* UITextField.swift */; };
		B5D223A22EF063C600C4880D /* DashboardButton.swift in Sources */ = {isa = PBXBuildFile; fileRef = B5D223A12EF063C600C4880D /* DashboardButton.swift */; };
		B5D223A42EF0648700C4880D /* BaseCardCell.swift in Sources */ = {isa = PBXBuildFile; fileRef = B5D223A32EF0648700C4880D /* BaseCardCell.swift */; };
		B5D223A62EF064C900C4880D /* ProductCell.swift in Sources */ = {isa = PBXBuildFile; fileRef = B5D223A52EF064C900C4880D /* ProductCell.swift */; };
		B5D223A82EF064FB00C4880D /* TransactionCell.swift in Sources */ = {isa = PBXBuildFile; fileRef = B5D223A72EF064FB00C4880D /* TransactionCell.swift */; };
		B5D223AC2EF065FB00C4880D /* ReportsViewModel.swift in Sources */ = {isa = PBXBuildFile; fileRef = B5D223AB2EF065FB00C4880D /* ReportsViewModel.swift */; };
		B5D223AE2EF0661200C4880D /* ReportCardView.swift in Sources */ = {isa = PBXBuildFile; fileRef = B5D223AD2EF0661200C4880D /* ReportCardView.swift */; };
		B5D223B02EF0662400C4880D /* ReportsViewController.swift in Sources */ = {isa = PBXBuildFile; fileRef = B5D223AF2EF0662400C4880D /* ReportsViewController.swift */; };
		B5D223B32EF0681B00C4880D /* SplashViewController.swift in Sources */ = {isa = PBXBuildFile; fileRef = B5D223B22EF0681B00C4880D /* SplashViewController.swift */; };
		B5D223B52EF069E900C4880D /* ProductTableView.swift in Sources */ = {isa = PBXBuildFile; fileRef = B5D223B42EF069E900C4880D /* ProductTableView.swift */; };
		B5D223B72EF06A8600C4880D /* TransactionTableView.swift in Sources */ = {isa = PBXBuildFile; fileRef = B5D223B62EF06A8600C4880D /* TransactionTableView.swift */; };
		B5D223B92EF06B1000C4880D /* LowStockTableView.swift in Sources */ = {isa = PBXBuildFile; fileRef = B5D223B82EF06B1000C4880D /* LowStockTableView.swift */; };
		B5D223BB2EF06C8A00C4880D /* ProfilePopupViewController.swift in Sources */ = {isa = PBXBuildFile; fileRef = B5D223BA2EF06C8A00C4880D /* ProfilePopupViewController.swift */; };
		B5D223BD2EF0764F00C4880D /* ProductCategory.swift in Sources */ = {isa = PBXBuildFile; fileRef = B5D223BC2EF0764F00C4880D /* ProductCategory.swift */; };
		B5E223BE2EF0765000C4880D /* UserManager.swift in Sources */ = {isa = PBXBuildFile; fileRef = B5E223BF2EF0765100C4880D /* UserManager.swift */; };
		B5E223C02EF0765200C4880D /* AppUser.swift in Sources */ = {isa = PBXBuildFile; fileRef = B5E223C12EF0765300C4880D /* AppUser.swift */; };
		B5E223C22EF0765400C4880D /* UserRole.swift in Sources */ = {isa = PBXBuildFile; fileRef = B5E223C32EF0765500C4880D /* UserRole.swift */; };
		B5E223C42EF0765600C4880D /* CreateAdminViewController.swift in Sources */ = {isa = PBXBuildFile; fileRef = B5E223C52EF0765700C4880D /* CreateAdminViewController.swift */; };
		B5E223C62EF0765800C4880D /* UserListViewController.swift in Sources */ = {isa = PBXBuildFile; fileRef = B5E223C72EF0765900C4880D /* UserListViewController.swift */; };
		B5E223C82EF0765A00C4880D /* UserFormViewController.swift in Sources */ = {isa = PBXBuildFile; fileRef = B5E223C92EF0765B00C4880D /* UserFormViewController.swift */; };
		B5F223CD2EF0766300C4880D /* EmailService.swift in Sources */ = {isa = PBXBuildFile; fileRef = B5F223CA2EF0766000C4880D /* EmailService.swift */; };
		B5F223CE2EF0766400C4880D /* TransactionEmailService.swift in Sources */ = {isa = PBXBuildFile; fileRef = B5F223CB2EF0766100C4880D /* TransactionEmailService.swift */; };
		B5F223CF2EF0766500C4880D /* EmailTemplates.swift in Sources */ = {isa = PBXBuildFile; fileRef = B5F223CC2EF0766200C4880D /* EmailTemplates.swift */; };
/* End PBXBuildFile section */

/* Begin PBXFileReference section */
		B5D2235E2EF05FCE00C4880D /* Proyecto_Inventario_Pablo_Mercado.app */ = {isa = PBXFileReference; explicitFileType = wrapper.application; includeInIndex = 0; path = Proyecto_Inventario_Pablo_Mercado.app; sourceTree = BUILT_PRODUCTS_DIR; };
		B5D223612EF05FCE00C4880D /* AppDelegate.swift */ = {isa = PBXFileReference; lastKnownFileType = sourcecode.swift; path = AppDelegate.swift; sourceTree = "<group>"; };
		B5D223632EF05FCE00C4880D /* SceneDelegate.swift */ = {isa = PBXFileReference; lastKnownFileType = sourcecode.swift; path = SceneDelegate.swift; sourceTree = "<group>"; };
		B5D223652EF05FCE00C4880D /* ViewController.swift */ = {isa = PBXFileReference; lastKnownFileType = sourcecode.swift; path = ViewController.swift; sourceTree = "<group>"; };
		B5D223682EF05FCE00C4880D /* Base */ = {isa = PBXFileReference; lastKnownFileType = file.storyboard; name = Base; path = Base.lproj/Main.storyboard; sourceTree = "<group>"; };
		B5D2236A2EF05FD100C4880D /* Assets.xcassets */ = {isa = PBXFileReference; lastKnownFileType = folder.assetcatalog; path = Assets.xcassets; sourceTree = "<group>"; };
		B5D2236D2EF05FD100C4880D /* Base */ = {isa = PBXFileReference; lastKnownFileType = file.storyboard; name = Base; path = Base.lproj/LaunchScreen.storyboard; sourceTree = "<group>"; };
		B5D2236F2EF05FD100C4880D /* Info.plist */ = {isa = PBXFileReference; lastKnownFileType = text.plist.xml; path = Info.plist; sourceTree = "<group>"; };
		B5D2237C2EF0606D00C4880D /* Constants.swift */ = {isa = PBXFileReference; fileEncoding = 4; lastKnownFileType = sourcecode.swift; path = Constants.swift; sourceTree = "<group>"; };
		B5D2237D2EF0606D00C4880D /* DataManager.swift */ = {isa = PBXFileReference; fileEncoding = 4; lastKnownFileType = sourcecode.swift; path = DataManager.swift; sourceTree = "<group>"; };
		B5D2237E2EF0606D00C4880D /* Extensions.swift */ = {isa = PBXFileReference; fileEncoding = 4; lastKnownFileType = sourcecode.swift; path = Extensions.swift; sourceTree = "<group>"; };
		B5D223842EF0608000C4880D /* HomeViewController.swift */ = {isa = PBXFileReference; fileEncoding = 4; lastKnownFileType = sourcecode.swift; path = HomeViewController.swift; sourceTree = "<group>"; };
		B5D223862EF0608C00C4880D /* LoginViewController.swift */ = {isa = PBXFileReference; fileEncoding = 4; lastKnownFileType = sourcecode.swift; path = LoginViewController.swift; sourceTree = "<group>"; };
		B5D223872EF0608C00C4880D /* LoginViewModel.swift */ = {isa = PBXFileReference; fileEncoding = 4; lastKnownFileType = sourcecode.swift; path = LoginViewModel.swift; sourceTree = "<group>"; };
		B5D2238A2EF0609B00C4880D /* Product.swift */ = {isa = PBXFileReference; fileEncoding = 4; lastKnownFileType = sourcecode.swift; path = Product.swift; sourceTree = "<group>"; };
		B5D2238B2EF0609B00C4880D /* User.swift */ = {isa = PBXFileReference; fileEncoding = 4; lastKnownFileType = sourcecode.swift; path = User.swift; sourceTree = "<group>"; };
		B5D2238C2EF0609B00C4880D /* Transaction.swift */ = {isa = PBXFileReference; fileEncoding = 4; lastKnownFileType = sourcecode.swift; path = Transaction.swift; sourceTree = "<group>"; };
		B5D223902EF060A600C4880D /* ProductFormViewController.swift */ = {isa = PBXFileReference; fileEncoding = 4; lastKnownFileType = sourcecode.swift; path = ProductFormViewController.swift; sourceTree = "<group>"; };
		B5D223912EF060A600C4880D /* ProductListViewController.swift */ = {isa = PBXFileReference; fileEncoding = 4; lastKnownFileType = sourcecode.swift; path = ProductListViewController.swift; sourceTree = "<group>"; };
		B5D223922EF060A600C4880D /* ProductViewModel.swift */ = {isa = PBXFileReference; fileEncoding = 4; lastKnownFileType = sourcecode.swift; path = ProductViewModel.swift; sourceTree = "<group>"; };
		B5D223962EF060AF00C4880D /* TransactionViewModel.swift */ = {isa = PBXFileReference; fileEncoding = 4; lastKnownFileType = sourcecode.swift; path = TransactionViewModel.swift; sourceTree = "<group>"; };
		B5D223972EF060AF00C4880D /* TransactionFormViewController.swift */ = {isa = PBXFileReference; fileEncoding = 4; lastKnownFileType = sourcecode.swift; path = TransactionFormViewController.swift; sourceTree = "<group>"; };
		B5D223982EF060AF00C4880D /* TransactionListViewController.swift */ = {isa = PBXFileReference; fileEncoding = 4; lastKnownFileType = sourcecode.swift; path = TransactionListViewController.swift; sourceTree = "<group>"; };
		B5D2239D2EF062DE00C4880D /* UIButton.swift */ = {isa = PBXFileReference; lastKnownFileType = sourcecode.swift; path = UIButton.swift; sourceTree = "<group>"; };
		B5D2239F2EF062F400C4880D /* UITextField.swift */ = {isa = PBXFileReference; lastKnownFileType = sourcecode.swift; path = UITextField.swift; sourceTree = "<group>"; };
		B5D223A12EF063C600C4880D /* DashboardButton.swift */ = {isa = PBXFileReference; lastKnownFileType = sourcecode.swift; path = DashboardButton.swift; sourceTree = "<group>"; };
		B5D223A32EF0648700C4880D /* BaseCardCell.swift */ = {isa = PBXFileReference; lastKnownFileType = sourcecode.swift; path = BaseCardCell.swift; sourceTree = "<group>"; };
		B5D223A52EF064C900C4880D /* ProductCell.swift */ = {isa = PBXFileReference; lastKnownFileType = sourcecode.swift; path = ProductCell.swift; sourceTree = "<group>"; };
		B5D223A72EF064FB00C4880D /* TransactionCell.swift */ = {isa = PBXFileReference; lastKnownFileType = sourcecode.swift; path = TransactionCell.swift; sourceTree = "<group>"; };
		B5D223AB2EF065FB00C4880D /* ReportsViewModel.swift */ = {isa = PBXFileReference; lastKnownFileType = sourcecode.swift; path = ReportsViewModel.swift; sourceTree = "<group>"; };
		B5D223AD2EF0661200C4880D /* ReportCardView.swift */ = {isa = PBXFileReference; lastKnownFileType = sourcecode.swift; path = ReportCardView.swift; sourceTree = "<group>"; };
		B5D223AF2EF0662400C4880D /* ReportsViewController.swift */ = {isa = PBXFileReference; lastKnownFileType = sourcecode.swift; path = ReportsViewController.swift; sourceTree = "<group>"; };
		B5D223B22EF0681B00C4880D /* SplashViewController.swift */ = {isa = PBXFileReference; lastKnownFileType = sourcecode.swift; path = SplashViewController.swift; sourceTree = "<group>"; };
		B5D223B42EF069E900C4880D /* ProductTableView.swift */ = {isa = PBXFileReference; lastKnownFileType = sourcecode.swift; path = ProductTableView.swift; sourceTree = "<group>"; };
		B5D223B62EF06A8600C4880D /* TransactionTableView.swift */ = {isa = PBXFileReference; lastKnownFileType = sourcecode.swift; path = TransactionTableView.swift; sourceTree = "<group>"; };
		B5D223B82EF06B1000C4880D /* LowStockTableView.swift */ = {isa = PBXFileReference; lastKnownFileType = sourcecode.swift; path = LowStockTableView.swift; sourceTree = "<group>"; };
		B5D223BA2EF06C8A00C4880D /* ProfilePopupViewController.swift */ = {isa = PBXFileReference; lastKnownFileType = sourcecode.swift; path = ProfilePopupViewController.swift; sourceTree = "<group>"; };
		B5D223BC2EF0764F00C4880D /* ProductCategory.swift */ = {isa = PBXFileReference; lastKnownFileType = sourcecode.swift; path = ProductCategory.swift; sourceTree = "<group>"; };
		B5E223BF2EF0765100C4880D /* UserManager.swift */ = {isa = PBXFileReference; lastKnownFileType = sourcecode.swift; path = UserManager.swift; sourceTree = "<group>"; };
		B5E223C12EF0765300C4880D /* AppUser.swift */ = {isa = PBXFileReference; lastKnownFileType = sourcecode.swift; path = AppUser.swift; sourceTree = "<group>"; };
		B5E223C32EF0765500C4880D /* UserRole.swift */ = {isa = PBXFileReference; lastKnownFileType = sourcecode.swift; path = UserRole.swift; sourceTree = "<group>"; };
		B5E223C52EF0765700C4880D /* CreateAdminViewController.swift */ = {isa = PBXFileReference; lastKnownFileType = sourcecode.swift; path = CreateAdminViewController.swift; sourceTree = "<group>"; };
		B5E223C72EF0765900C4880D /* UserListViewController.swift */ = {isa = PBXFileReference; lastKnownFileType = sourcecode.swift; path = UserListViewController.swift; sourceTree = "<group>"; };
		B5E223C92EF0765B00C4880D /* UserFormViewController.swift */ = {isa = PBXFileReference; lastKnownFileType = sourcecode.swift; path = UserFormViewController.swift; sourceTree = "<group>"; };
		B5F223CA2EF0766000C4880D /* EmailService.swift */ = {isa = PBXFileReference; lastKnownFileType = sourcecode.swift; path = EmailService.swift; sourceTree = "<group>"; };
		B5F223CB2EF0766100C4880D /* TransactionEmailService.swift */ = {isa = PBXFileReference; lastKnownFileType = sourcecode.swift; path = TransactionEmailService.swift; sourceTree = "<group>"; };
		B5F223CC2EF0766200C4880D /* EmailTemplates.swift */ = {isa = PBXFileReference; lastKnownFileType = sourcecode.swift; path = EmailTemplates.swift; sourceTree = "<group>"; };
/* End PBXFileReference section */

/* Begin PBXFrameworksBuildPhase section */
		B5D2235B2EF05FCE00C4880D /* Frameworks */ = {
			isa = PBXFrameworksBuildPhase;
			buildActionMask = 2147483647;
			files = (
			);
			runOnlyForDeploymentPostprocessing = 0;
		};
/* End PBXFrameworksBuildPhase section */

/* Begin PBXGroup section */
		B5D223552EF05FCE00C4880D = {
			isa = PBXGroup;
			children = (
				B5D223602EF05FCE00C4880D /* Proyecto_Inventario_Pablo_Mercado */,
				B5D2235F2EF05FCE00C4880D /* Products */,
			);
			sourceTree = "<group>";
		};
		B5D2235F2EF05FCE00C4880D /* Products */ = {
			isa = PBXGroup;
			children = (
				B5D2235E2EF05FCE00C4880D /* Proyecto_Inventario_Pablo_Mercado.app */,
			);
			name = Products;
			sourceTree = "<group>";
		};
		B5D223602EF05FCE00C4880D /* Proyecto_Inventario_Pablo_Mercado */ = {
			isa = PBXGroup;
			children = (
				B5E223CA2EF0765C00C4880D /* Users */,
				B5D223B12EF0680600C4880D /* Splash */,
				B5D223A92EF065D800C4880D /* Reporte */,
				B5D2239C2EF062C100C4880D /* Extension */,
				B5D2237B2EF0605200C4880D /* Transactions */,
				B5D2237A2EF0604600C4880D /* Products */,
				B5D223792EF0604000C4880D /* Core */,
				B5D223782EF0602A00C4880D /* Models */,
				B5D223772EF0602400C4880D /* Login */,
				B5D223752EF0600700C4880D /* Home */,
				B5D223612EF05FCE00C4880D /* AppDelegate.swift */,
				B5D223632EF05FCE00C4880D /* SceneDelegate.swift */,
				B5D223652EF05FCE00C4880D /* ViewController.swift */,
				B5D223672EF05FCE00C4880D /* Main.storyboard */,
				B5D2236A2EF05FD100C4880D /* Assets.xcassets */,
				B5D2236C2EF05FD100C4880D /* LaunchScreen.storyboard */,
				B5D2236F2EF05FD100C4880D /* Info.plist */,
			);
			path = Proyecto_Inventario_Pablo_Mercado;
			sourceTree = "<group>";
		};
		B5D223752EF0600700C4880D /* Home */ = {
			isa = PBXGroup;
			children = (
				B5D223842EF0608000C4880D /* HomeViewController.swift */,
				B5D223BA2EF06C8A00C4880D /* ProfilePopupViewController.swift */,
			);
			path = Home;
			sourceTree = "<group>";
		};
		B5D223772EF0602400C4880D /* Login */ = {
			isa = PBXGroup;
			children = (
				B5D223862EF0608C00C4880D /* LoginViewController.swift */,
				B5D223872EF0608C00C4880D /* LoginViewModel.swift */,
				B5E223C52EF0765700C4880D /* CreateAdminViewController.swift */,
			);
			path = Login;
			sourceTree = "<group>";
		};
		B5D223782EF0602A00C4880D /* Models */ = {
			isa = PBXGroup;
			children = (
				B5D2238A2EF0609B00C4880D /* Product.swift */,
				B5D2238C2EF0609B00C4880D /* Transaction.swift */,
				B5D2238B2EF0609B00C4880D /* User.swift */,
				B5D223BC2EF0764F00C4880D /* ProductCategory.swift */,
				B5E223C12EF0765300C4880D /* AppUser.swift */,
				B5E223C32EF0765500C4880D /* UserRole.swift */,
			);
			path = Models;
			sourceTree = "<group>";
		};
		B5D223792EF0604000C4880D /* Core */ = {
			isa = PBXGroup;
			children = (
				B5D2237C2EF0606D00C4880D /* Constants.swift */,
				B5D2237D2EF0606D00C4880D /* DataManager.swift */,
				B5E223BF2EF0765100C4880D /* UserManager.swift */,
				B5F223CA2EF0766000C4880D /* EmailService.swift */,
				B5F223CB2EF0766100C4880D /* TransactionEmailService.swift */,
				B5F223CC2EF0766200C4880D /* EmailTemplates.swift */,
			);
			path = Core;
			sourceTree = "<group>";
		};
		B5D2237A2EF0604600C4880D /* Products */ = {
			isa = PBXGroup;
			children = (
				B5D223902EF060A600C4880D /* ProductFormViewController.swift */,
				B5D223912EF060A600C4880D /* ProductListViewController.swift */,
				B5D223922EF060A600C4880D /* ProductViewModel.swift */,
				B5D223B42EF069E900C4880D /* ProductTableView.swift */,
			);
			path = Products;
			sourceTree = "<group>";
		};
		B5D2237B2EF0605200C4880D /* Transactions */ = {
			isa = PBXGroup;
			children = (
				B5D223972EF060AF00C4880D /* TransactionFormViewController.swift */,
				B5D223982EF060AF00C4880D /* TransactionListViewController.swift */,
				B5D223962EF060AF00C4880D /* TransactionViewModel.swift */,
				B5D223B62EF06A8600C4880D /* TransactionTableView.swift */,
			);
			path = Transactions;
			sourceTree = "<group>";
		};
		B5D2239C2EF062C100C4880D /* Extension */ = {
			isa = PBXGroup;
			children = (
				B5D2239D2EF062DE00C4880D /* UIButton.swift */,
				B5D2239F2EF062F400C4880D /* UITextField.swift */,
				B5D223A12EF063C600C4880D /* DashboardButton.swift */,
				B5D223A32EF0648700C4880D /* BaseCardCell.swift */,
				B5D223A52EF064C900C4880D /* ProductCell.swift */,
				B5D223A72EF064FB00C4880D /* TransactionCell.swift */,
				B5D2237E2EF0606D00C4880D /* Extensions.swift */,
			);
			path = Extension;
			sourceTree = "<group>";
		};
		B5D223A92EF065D800C4880D /* Reporte */ = {
			isa = PBXGroup;
			children = (
				B5D223AB2EF065FB00C4880D /* ReportsViewModel.swift */,
				B5D223AD2EF0661200C4880D /* ReportCardView.swift */,
				B5D223AF2EF0662400C4880D /* ReportsViewController.swift */,
				B5D223B82EF06B1000C4880D /* LowStockTableView.swift */,
			);
			path = Reporte;
			sourceTree = "<group>";
		};
		B5D223B12EF0680600C4880D /* Splash */ = {
			isa = PBXGroup;
			children = (
				B5D223B22EF0681B00C4880D /* SplashViewController.swift */,
			);
			path = Splash;
			sourceTree = "<group>";
		};
		B5E223CA2EF0765C00C4880D /* Users */ = {
			isa = PBXGroup;
			children = (
				B5E223C72EF0765900C4880D /* UserListViewController.swift */,
				B5E223C92EF0765B00C4880D /* UserFormViewController.swift */,
			);
			path = Users;
			sourceTree = "<group>";
		};
/* End PBXGroup section */

/* Begin PBXNativeTarget section */
		B5D2235D2EF05FCE00C4880D /* Proyecto_Inventario_Pablo_Mercado */ = {
			isa = PBXNativeTarget;
			buildConfigurationList = B5D223722EF05FD100C4880D /* Build configuration list for PBXNativeTarget "Proyecto_Inventario_Pablo_Mercado" */;
			buildPhases = (
				B5D2235A2EF05FCE00C4880D /* Sources */,
				B5D2235B2EF05FCE00C4880D /* Frameworks */,
				B5D2235C2EF05FCE00C4880D /* Resources */,
			);
			buildRules = (
			);
			dependencies = (
			);
			name = Proyecto_Inventario_Pablo_Mercado;
			productName = Proyecto_Inventario_Pablo_Mercado;
			productReference = B5D2235E2EF05FCE00C4880D /* Proyecto_Inventario_Pablo_Mercado.app */;
			productType = "com.apple.product-type.application";
		};
/* End PBXNativeTarget section */

/* Begin PBXProject section */
		B5D223562EF05FCE00C4880D /* Project object */ = {
			isa = PBXProject;
			attributes = {
				BuildIndependentTargetsInParallel = 1;
				LastSwiftUpdateCheck = 1520;
				LastUpgradeCheck = 1520;
				TargetAttributes = {
					B5D2235D2EF05FCE00C4880D = {
						CreatedOnToolsVersion = 15.2;
					};
				};
			};
			buildConfigurationList = B5D223592EF05FCE00C4880D /* Build configuration list for PBXProject "Proyecto_Inventario_Pablo_Mercado" */;
			compatibilityVersion = "Xcode 14.0";
			developmentRegion = en;
			hasScannedForEncodings = 0;
			knownRegions = (
				en,
				Base,
			);
			mainGroup = B5D223552EF05FCE00C4880D;
			productRefGroup = B5D2235F2EF05FCE00C4880D /* Products */;
			projectDirPath = "";
			projectRoot = "";
			targets = (
				B5D2235D2EF05FCE00C4880D /* Proyecto_Inventario_Pablo_Mercado */,
			);
		};
/* End PBXProject section */

/* Begin PBXResourcesBuildPhase section */
		B5D2235C2EF05FCE00C4880D /* Resources */ = {
			isa = PBXResourcesBuildPhase;
			buildActionMask = 2147483647;
			files = (
				B5D2236E2EF05FD100C4880D /* LaunchScreen.storyboard in Resources */,
				B5D2236B2EF05FD100C4880D /* Assets.xcassets in Resources */,
				B5D223692EF05FCE00C4880D /* Main.storyboard in Resources */,
			);
			runOnlyForDeploymentPostprocessing = 0;
		};
/* End PBXResourcesBuildPhase section */

/* Begin PBXSourcesBuildPhase section */
		B5D2235A2EF05FCE00C4880D /* Sources */ = {
			isa = PBXSourcesBuildPhase;
			buildActionMask = 2147483647;
			files = (
				B5D223B32EF0681B00C4880D /* SplashViewController.swift in Sources */,
				B5D223B02EF0662400C4880D /* ReportsViewController.swift in Sources */,
				B5D223A42EF0648700C4880D /* BaseCardCell.swift in Sources */,
				B5D223BD2EF0764F00C4880D /* ProductCategory.swift in Sources */,
				B5D223882EF0608C00C4880D /* LoginViewController.swift in Sources */,
				B5D223662EF05FCE00C4880D /* ViewController.swift in Sources */,
				B5D223A02EF062F400C4880D /* UITextField.swift in Sources */,
				B5D223812EF0606D00C4880D /* Extensions.swift in Sources */,
				B5D2239B2EF060AF00C4880D /* TransactionListViewController.swift in Sources */,
				B5D223AC2EF065FB00C4880D /* ReportsViewModel.swift in Sources */,
				B5D223B52EF069E900C4880D /* ProductTableView.swift in Sources */,
				B5D223802EF0606D00C4880D /* DataManager.swift in Sources */,
				B5D223B92EF06B1000C4880D /* LowStockTableView.swift in Sources */,
				B5D223852EF0608000C4880D /* HomeViewController.swift in Sources */,
				B5D2238F2EF0609B00C4880D /* Transaction.swift in Sources */,
				B5D223B72EF06A8600C4880D /* TransactionTableView.swift in Sources */,
				B5D2238D2EF0609B00C4880D /* Product.swift in Sources */,
				B5D2239A2EF060AF00C4880D /* TransactionFormViewController.swift in Sources */,
				B5D223AE2EF0661200C4880D /* ReportCardView.swift in Sources */,
				B5D223BB2EF06C8A00C4880D /* ProfilePopupViewController.swift in Sources */,
				B5D223942EF060A600C4880D /* ProductListViewController.swift in Sources */,
				B5D223932EF060A600C4880D /* ProductFormViewController.swift in Sources */,
				B5D223622EF05FCE00C4880D /* AppDelegate.swift in Sources */,
				B5D2238E2EF0609B00C4880D /* User.swift in Sources */,
				B5D223992EF060AF00C4880D /* TransactionViewModel.swift in Sources */,
				B5D223A22EF063C600C4880D /* DashboardButton.swift in Sources */,
				B5D223A82EF064FB00C4880D /* TransactionCell.swift in Sources */,
				B5D2239E2EF062DE00C4880D /* UIButton.swift in Sources */,
				B5D223642EF05FCE00C4880D /* SceneDelegate.swift in Sources */,
				B5D223892EF0608C00C4880D /* LoginViewModel.swift in Sources */,
				B5D223A62EF064C900C4880D /* ProductCell.swift in Sources */,
				B5D223952EF060A600C4880D /* ProductViewModel.swift in Sources */,
				B5D2237F2EF0606D00C4880D /* Constants.swift in Sources */,
				B5E223BE2EF0765000C4880D /* UserManager.swift in Sources */,
				B5E223C02EF0765200C4880D /* AppUser.swift in Sources */,
				B5E223C22EF0765400C4880D /* UserRole.swift in Sources */,
				B5E223C42EF0765600C4880D /* CreateAdminViewController.swift in Sources */,
				B5E223C62EF0765800C4880D /* UserListViewController.swift in Sources */,
				B5E223C82EF0765A00C4880D /* UserFormViewController.swift in Sources */,
				B5F223CD2EF0766300C4880D /* EmailService.swift in Sources */,
				B5F223CE2EF0766400C4880D /* TransactionEmailService.swift in Sources */,
				B5F223CF2EF0766500C4880D /* EmailTemplates.swift in Sources */,
			);
			runOnlyForDeploymentPostprocessing = 0;
		};
/* End PBXSourcesBuildPhase section */

/* Begin PBXVariantGroup section */
		B5D223672EF05FCE00C4880D /* Main.storyboard */ = {
			isa = PBXVariantGroup;
			children = (
				B5D223682EF05FCE00C4880D /* Base */,
			);
			name = Main.storyboard;
			sourceTree = "<group>";
		};
		B5D2236C2EF05FD100C4880D /* LaunchScreen.storyboard */ = {
			isa = PBXVariantGroup;
			children = (
				B5D2236D2EF05FD100C4880D /* Base */,
			);
			name = LaunchScreen.storyboard;
			sourceTree = "<group>";
		};
/* End PBXVariantGroup section */

/* Begin XCBuildConfiguration section */
		B5D223702EF05FD100C4880D /* Debug */ = {
			isa = XCBuildConfiguration;
			buildSettings = {
				ALWAYS_SEARCH_USER_PATHS = NO;
				ASSETCATALOG_COMPILER_GENERATE_SWIFT_ASSET_SYMBOL_EXTENSIONS = YES;
				CLANG_ANALYZER_NONNULL = YES;
				CLANG_ANALYZER_NUMBER_OBJECT_CONVERSION = YES_AGGRESSIVE;
				CLANG_CXX_LANGUAGE_STANDARD = "gnu++20";
				CLANG_ENABLE_MODULES = YES;
				CLANG_ENABLE_OBJC_ARC = YES;
				CLANG_ENABLE_OBJC_WEAK = YES;
				CLANG_WARN_BLOCK_CAPTURE_AUTORELEASING = YES;
				CLANG_WARN_BOOL_CONVERSION = YES;
				CLANG_WARN_COMMA = YES;
				CLANG_WARN_CONSTANT_CONVERSION = YES;
				CLANG_WARN_DEPRECATED_OBJC_IMPLEMENTATIONS = YES;
				CLANG_WARN_DIRECT_OBJC_ISA_USAGE = YES_ERROR;
				CLANG_WARN_DOCUMENTATION_COMMENTS = YES;
				CLANG_WARN_EMPTY_BODY = YES;
				CLANG_WARN_ENUM_CONVERSION = YES;
				CLANG_WARN_INFINITE_RECURSION = YES;
				CLANG_WARN_INT_CONVERSION = YES;
				CLANG_WARN_NON_LITERAL_NULL_CONVERSION = YES;
				CLANG_WARN_OBJC_IMPLICIT_RETAIN_SELF = YES;
				CLANG_WARN_OBJC_LITERAL_CONVERSION = YES;
				CLANG_WARN_OBJC_ROOT_CLASS = YES_ERROR;
				CLANG_WARN_QUOTED_INCLUDE_IN_FRAMEWORK_HEADER = YES;
				CLANG_WARN_RANGE_LOOP_ANALYSIS = YES;
				CLANG_WARN_STRICT_PROTOTYPES = YES;
				CLANG_WARN_SUSPICIOUS_MOVE = YES;
				CLANG_WARN_UNGUARDED_AVAILABILITY = YES_AGGRESSIVE;
				CLANG_WARN_UNREACHABLE_CODE = YES;
				CLANG_WARN__DUPLICATE_METHOD_MATCH = YES;
				COPY_PHASE_STRIP = NO;
				DEBUG_INFORMATION_FORMAT = dwarf;
				ENABLE_STRICT_OBJC_MSGSEND = YES;
				ENABLE_TESTABILITY = YES;
				ENABLE_USER_SCRIPT_SANDBOXING = YES;
				GCC_C_LANGUAGE_STANDARD = gnu17;
				GCC_DYNAMIC_NO_PIC = NO;
				GCC_NO_COMMON_BLOCKS = YES;
				GCC_OPTIMIZATION_LEVEL = 0;
				GCC_PREPROCESSOR_DEFINITIONS = (
					"DEBUG=1",
					"$(inherited)",
				);
				GCC_WARN_64_TO_32_BIT_CONVERSION = YES;
				GCC_WARN_ABOUT_RETURN_TYPE = YES_ERROR;
				GCC_WARN_UNDECLARED_SELECTOR = YES;
				GCC_WARN_UNINITIALIZED_AUTOS = YES_AGGRESSIVE;
				GCC_WARN_UNUSED_FUNCTION = YES;
				GCC_WARN_UNUSED_VARIABLE = YES;
				IPHONEOS_DEPLOYMENT_TARGET = 17.2;
				LOCALIZATION_PREFERS_STRING_CATALOGS = YES;
				MTL_ENABLE_DEBUG_INFO = INCLUDE_SOURCE;
				MTL_FAST_MATH = YES;
				ONLY_ACTIVE_ARCH = YES;
				SDKROOT = iphoneos;
				SWIFT_ACTIVE_COMPILATION_CONDITIONS = "DEBUG $(inherited)";
				SWIFT_OPTIMIZATION_LEVEL = "-Onone";
			};
			name = Debug;
		};
		B5D223712EF05FD100C4880D /* Release */ = {
			isa = XCBuildConfiguration;
			buildSettings = {
				ALWAYS_SEARCH_USER_PATHS = NO;
				ASSETCATALOG_COMPILER_GENERATE_SWIFT_ASSET_SYMBOL_EXTENSIONS = YES;
				CLANG_ANALYZER_NONNULL = YES;
				CLANG_ANALYZER_NUMBER_OBJECT_CONVERSION = YES_AGGRESSIVE;
				CLANG_CXX_LANGUAGE_STANDARD = "gnu++20";
				CLANG_ENABLE_MODULES = YES;
				CLANG_ENABLE_OBJC_ARC = YES;
				CLANG_ENABLE_OBJC_WEAK = YES;
				CLANG_WARN_BLOCK_CAPTURE_AUTORELEASING = YES;
				CLANG_WARN_BOOL_CONVERSION = YES;
				CLANG_WARN_COMMA = YES;
				CLANG_WARN_CONSTANT_CONVERSION = YES;
				CLANG_WARN_DEPRECATED_OBJC_IMPLEMENTATIONS = YES;
				CLANG_WARN_DIRECT_OBJC_ISA_USAGE = YES_ERROR;
				CLANG_WARN_DOCUMENTATION_COMMENTS = YES;
				CLANG_WARN_EMPTY_BODY = YES;
				CLANG_WARN_ENUM_CONVERSION = YES;
				CLANG_WARN_INFINITE_RECURSION = YES;
				CLANG_WARN_INT_CONVERSION = YES;
				CLANG_WARN_NON_LITERAL_NULL_CONVERSION = YES;
				CLANG_WARN_OBJC_IMPLICIT_RETAIN_SELF = YES;
				CLANG_WARN_OBJC_LITERAL_CONVERSION = YES;
				CLANG_WARN_OBJC_ROOT_CLASS = YES_ERROR;
				CLANG_WARN_QUOTED_INCLUDE_IN_FRAMEWORK_HEADER = YES;
				CLANG_WARN_RANGE_LOOP_ANALYSIS = YES;
				CLANG_WARN_STRICT_PROTOTYPES = YES;
				CLANG_WARN_SUSPICIOUS_MOVE = YES;
				CLANG_WARN_UNGUARDED_AVAILABILITY = YES_AGGRESSIVE;
				CLANG_WARN_UNREACHABLE_CODE = YES;
				CLANG_WARN__DUPLICATE_METHOD_MATCH = YES;
				COPY_PHASE_STRIP = NO;
				DEBUG_INFORMATION_FORMAT = "dwarf-with-dsym";
				ENABLE_NS_ASSERTIONS = NO;
				ENABLE_STRICT_OBJC_MSGSEND = YES;
				ENABLE_USER_SCRIPT_SANDBOXING = YES;
				GCC_C_LANGUAGE_STANDARD = gnu17;
				GCC_NO_COMMON_BLOCKS = YES;
				GCC_WARN_64_TO_32_BIT_CONVERSION = YES;
				GCC_WARN_ABOUT_RETURN_TYPE = YES_ERROR;
				GCC_WARN_UNDECLARED_SELECTOR = YES;
				GCC_WARN_UNINITIALIZED_AUTOS = YES_AGGRESSIVE;
				GCC_WARN_UNUSED_FUNCTION = YES;
				GCC_WARN_UNUSED_VARIABLE = YES;
				IPHONEOS_DEPLOYMENT_TARGET = 17.2;
				LOCALIZATION_PREFERS_STRING_CATALOGS = YES;
				MTL_ENABLE_DEBUG_INFO = NO;
				MTL_FAST_MATH = YES;
				SDKROOT = iphoneos;
				SWIFT_COMPILATION_MODE = wholemodule;
				VALIDATE_PRODUCT = YES;
			};
			name = Release;
		};
		B5D223732EF05FD100C4880D /* Debug */ = {
			isa = XCBuildConfiguration;
			buildSettings = {
				ASSETCATALOG_COMPILER_APPICON_NAME = AppIcon;
				ASSETCATALOG_COMPILER_GLOBAL_ACCENT_COLOR_NAME = AccentColor;
				CODE_SIGN_STYLE = Automatic;
				CURRENT_PROJECT_VERSION = 1;
				GENERATE_INFOPLIST_FILE = YES;
				INFOPLIST_FILE = Proyecto_Inventario_Pablo_Mercado/Info.plist;
				INFOPLIST_KEY_UIApplicationSupportsIndirectInputEvents = YES;
				INFOPLIST_KEY_UILaunchStoryboardName = LaunchScreen;
				INFOPLIST_KEY_UIMainStoryboardFile = Main;
				INFOPLIST_KEY_UISupportedInterfaceOrientations_iPad = "UIInterfaceOrientationPortrait UIInterfaceOrientationPortraitUpsideDown UIInterfaceOrientationLandscapeLeft UIInterfaceOrientationLandscapeRight";
				INFOPLIST_KEY_UISupportedInterfaceOrientations_iPhone = "UIInterfaceOrientationPortrait UIInterfaceOrientationLandscapeLeft UIInterfaceOrientationLandscapeRight";
				LD_RUNPATH_SEARCH_PATHS = (
					"$(inherited)",
					"@executable_path/Frameworks",
				);
				MARKETING_VERSION = 1.0;
				PRODUCT_BUNDLE_IDENTIFIER = "cibertec.com.pe.Proyecto-Inventario-Pablo-Mercado";
				PRODUCT_NAME = "$(TARGET_NAME)";
				SWIFT_EMIT_LOC_STRINGS = YES;
				SWIFT_VERSION = 5.0;
				TARGETED_DEVICE_FAMILY = "1,2";
			};
			name = Debug;
		};
		B5D223742EF05FD100C4880D /* Release */ = {
			isa = XCBuildConfiguration;
			buildSettings = {
				ASSETCATALOG_COMPILER_APPICON_NAME = AppIcon;
				ASSETCATALOG_COMPILER_GLOBAL_ACCENT_COLOR_NAME = AccentColor;
				CODE_SIGN_STYLE = Automatic;
				CURRENT_PROJECT_VERSION = 1;
				GENERATE_INFOPLIST_FILE = YES;
				INFOPLIST_FILE = Proyecto_Inventario_Pablo_Mercado/Info.plist;
				INFOPLIST_KEY_UIApplicationSupportsIndirectInputEvents = YES;
				INFOPLIST_KEY_UILaunchStoryboardName = LaunchScreen;
				INFOPLIST_KEY_UIMainStoryboardFile = Main;
				INFOPLIST_KEY_UISupportedInterfaceOrientations_iPad = "UIInterfaceOrientationPortrait UIInterfaceOrientationPortraitUpsideDown UIInterfaceOrientationLandscapeLeft UIInterfaceOrientationLandscapeRight";
				INFOPLIST_KEY_UISupportedInterfaceOrientations_iPhone = "UIInterfaceOrientationPortrait UIInterfaceOrientationLandscapeLeft UIInterfaceOrientationLandscapeRight";
				LD_RUNPATH_SEARCH_PATHS = (
					"$(inherited)",
					"@executable_path/Frameworks",
				);
				MARKETING_VERSION = 1.0;
				PRODUCT_BUNDLE_IDENTIFIER = "cibertec.com.pe.Proyecto-Inventario-Pablo-Mercado";
				PRODUCT_NAME = "$(TARGET_NAME)";
				SWIFT_EMIT_LOC_STRINGS = YES;
				SWIFT_VERSION = 5.0;
				TARGETED_DEVICE_FAMILY = "1,2";
			};
			name = Release;
		};
/* End XCBuildConfiguration section */

/* Begin XCConfigurationList section */
		B5D223592EF05FCE00C4880D /* Build configuration list for PBXProject "Proyecto_Inventario_Pablo_Mercado" */ = {
			isa = XCConfigurationList;
			buildConfigurations = (
				B5D223702EF05FD100C4880D /* Debug */,
				B5D223712EF05FD100C4880D /* Release */,
			);
			defaultConfigurationIsVisible = 0;
			defaultConfigurationName = Release;
		};
		B5D223722EF05FD100C4880D /* Build configuration list for PBXNativeTarget "Proyecto_Inventario_Pablo_Mercado" */ = {
			isa = XCConfigurationList;
			buildConfigurations = (
				B5D223732EF05FD100C4880D /* Debug */,
				B5D223742EF05FD100C4880D /* Release */,
			);
			defaultConfigurationIsVisible = 0;
			defaultConfigurationName = Release;
		};
/* End XCConfigurationList section */
	};
	rootObject = B5D223562EF05FCE00C4880D /* Project object */;
}
